// !$*UTF8*$!
{
	archiveVersion = 1;
	classes = {
	};
	objectVersion = 46;
	objects = {

/* Begin PBXBuildFile section */
		162AABB91BC58B33001AA0AB /* AppDelegate.swift in Sources */ = {isa = PBXBuildFile; fileRef = 162AABB81BC58B33001AA0AB /* AppDelegate.swift */; };
		162AABBB1BC58B33001AA0AB /* ViewController.swift in Sources */ = {isa = PBXBuildFile; fileRef = 162AABBA1BC58B33001AA0AB /* ViewController.swift */; };
		162AABBE1BC58B33001AA0AB /* Main.storyboard in Resources */ = {isa = PBXBuildFile; fileRef = 162AABBC1BC58B33001AA0AB /* Main.storyboard */; };
		162AABC01BC58B33001AA0AB /* Assets.xcassets in Resources */ = {isa = PBXBuildFile; fileRef = 162AABBF1BC58B33001AA0AB /* Assets.xcassets */; };
		162AABC31BC58B33001AA0AB /* LaunchScreen.storyboard in Resources */ = {isa = PBXBuildFile; fileRef = 162AABC11BC58B33001AA0AB /* LaunchScreen.storyboard */; };
		162AABCF1BC58C7E001AA0AB /* frame1.png in Resources */ = {isa = PBXBuildFile; fileRef = 162AABCA1BC58C7E001AA0AB /* frame1.png */; settings = {ASSET_TAGS = (); }; };
		162AABD01BC58C7E001AA0AB /* frame2.png in Resources */ = {isa = PBXBuildFile; fileRef = 162AABCB1BC58C7E001AA0AB /* frame2.png */; settings = {ASSET_TAGS = (); }; };
		162AABD11BC58C7E001AA0AB /* frame3.png in Resources */ = {isa = PBXBuildFile; fileRef = 162AABCC1BC58C7E001AA0AB /* frame3.png */; settings = {ASSET_TAGS = (); }; };
		162AABD21BC58C7E001AA0AB /* frame4.png in Resources */ = {isa = PBXBuildFile; fileRef = 162AABCD1BC58C7E001AA0AB /* frame4.png */; settings = {ASSET_TAGS = (); }; };
		162AABD31BC58C7E001AA0AB /* frame5.png in Resources */ = {isa = PBXBuildFile; fileRef = 162AABCE1BC58C7E001AA0AB /* frame5.png */; settings = {ASSET_TAGS = (); }; };
/* End PBXBuildFile section */

/* Begin PBXFileReference section */
		162AABB51BC58B33001AA0AB /* Animations.app */ = {isa = PBXFileReference; explicitFileType = wrapper.application; includeInIndex = 0; path = Animations.app; sourceTree = BUILT_PRODUCTS_DIR; };
		162AABB81BC58B33001AA0AB /* AppDelegate.swift */ = {isa = PBXFileReference; lastKnownFileType = sourcecode.swift; path = AppDelegate.swift; sourceTree = "<group>"; };
		162AABBA1BC58B33001AA0AB /* ViewController.swift */ = {isa = PBXFileReference; lastKnownFileType = sourcecode.swift; path = ViewController.swift; sourceTree = "<group>"; };
		162AABBD1BC58B33001AA0AB /* Base */ = {isa = PBXFileReference; lastKnownFileType = file.storyboard; name = Base; path = Base.lproj/Main.storyboard; sourceTree = "<group>"; };
		162AABBF1BC58B33001AA0AB /* Assets.xcassets */ = {isa = PBXFileReference; lastKnownFileType = folder.assetcatalog; path = Assets.xcassets; sourceTree = "<group>"; };
		162AABC21BC58B33001AA0AB /* Base */ = {isa = PBXFileReference; lastKnownFileType = file.storyboard; name = Base; path = Base.lproj/LaunchScreen.storyboard; sourceTree = "<group>"; };
		162AABC41BC58B33001AA0AB /* Info.plist */ = {isa = PBXFileReference; lastKnownFileType = text.plist.xml; path = Info.plist; sourceTree = "<group>"; };
		162AABCA1BC58C7E001AA0AB /* frame1.png */ = {isa = PBXFileReference; lastKnownFileType = image.png; path = frame1.png; sourceTree = "<group>"; };
		162AABCB1BC58C7E001AA0AB /* frame2.png */ = {isa = PBXFileReference; lastKnownFileType = image.png; path = frame2.png; sourceTree = "<group>"; };
		162AABCC1BC58C7E001AA0AB /* frame3.png */ = {isa = PBXFileReference; lastKnownFileType = image.png; path = frame3.png; sourceTree = "<group>"; };
		162AABCD1BC58C7E001AA0AB /* frame4.png */ = {isa = PBXFileReference; lastKnownFileType = image.png; path = frame4.png; sourceTree = "<group>"; };
		162AABCE1BC58C7E001AA0AB /* frame5.png */ = {isa = PBXFileReference; lastKnownFileType = image.png; path = frame5.png; sourceTree = "<group>"; };
/* End PBXFileReference section */

/* Begin PBXFrameworksBuildPhase section */
		162AABB21BC58B33001AA0AB /* Frameworks */ = {
			isa = PBXFrameworksBuildPhase;
			buildActionMask = 2147483647;
			files = (
			);
			runOnlyForDeploymentPostprocessing = 0;
		};
/* End PBXFrameworksBuildPhase section */

/* Begin PBXGroup section */
		162AABAC1BC58B33001AA0AB = {
			isa = PBXGroup;
			children = (
				162AABB71BC58B33001AA0AB /* Animations */,
				162AABB61BC58B33001AA0AB /* Products */,
			);
			sourceTree = "<group>";
		};
		162AABB61BC58B33001AA0AB /* Products */ = {
			isa = PBXGroup;
			children = (
				162AABB51BC58B33001AA0AB /* Animations.app */,
			);
			name = Products;
			sourceTree = "<group>";
		};
		162AABB71BC58B33001AA0AB /* Animations */ = {
			isa = PBXGroup;
			children = (
				162AABB81BC58B33001AA0AB /* AppDelegate.swift */,
				162AABBA1BC58B33001AA0AB /* ViewController.swift */,
				162AABBC1BC58B33001AA0AB /* Main.storyboard */,
				162AABCA1BC58C7E001AA0AB /* frame1.png */,
				162AABCB1BC58C7E001AA0AB /* frame2.png */,
				162AABCC1BC58C7E001AA0AB /* frame3.png */,
				162AABCD1BC58C7E001AA0AB /* frame4.png */,
				162AABCE1BC58C7E001AA0AB /* frame5.png */,
				162AABBF1BC58B33001AA0AB /* Assets.xcassets */,
				162AABC11BC58B33001AA0AB /* LaunchScreen.storyboard */,
				162AABC41BC58B33001AA0AB /* Info.plist */,
			);
			path = Animations;
			sourceTree = "<group>";
		};
/* End PBXGroup section */

/* Begin PBXNativeTarget section */
		162AABB41BC58B33001AA0AB /* Animations */ = {
			isa = PBXNativeTarget;
			buildConfigurationList = 162AABC71BC58B33001AA0AB /* Build configuration list for PBXNativeTarget "Animations" */;
			buildPhases = (
				162AABB11BC58B33001AA0AB /* Sources */,
				162AABB21BC58B33001AA0AB /* Frameworks */,
				162AABB31BC58B33001AA0AB /* Resources */,
			);
			buildRules = (
			);
			dependencies = (
			);
			name = Animations;
			productName = Animations;
			productReference = 162AABB51BC58B33001AA0AB /* Animations.app */;
			productType = "com.apple.product-type.application";
		};
/* End PBXNativeTarget section */

/* Begin PBXProject section */
		162AABAD1BC58B33001AA0AB /* Project object */ = {
			isa = PBXProject;
			attributes = {
				LastUpgradeCheck = 0700;
				ORGANIZATIONNAME = "Luiz Fernando Santiago";
				TargetAttributes = {
					162AABB41BC58B33001AA0AB = {
						CreatedOnToolsVersion = 7.0;
					};
				};
			};
			buildConfigurationList = 162AABB01BC58B33001AA0AB /* Build configuration list for PBXProject "Animations" */;
			compatibilityVersion = "Xcode 3.2";
			developmentRegion = English;
			hasScannedForEncodings = 0;
			knownRegions = (
				en,
				Base,
			);
			mainGroup = 162AABAC1BC58B33001AA0AB;
			productRefGroup = 162AABB61BC58B33001AA0AB /* Products */;
			projectDirPath = "";
			projectRoot = "";
			targets = (
				162AABB41BC58B33001AA0AB /* Animations */,
			);
		};
/* End PBXProject section */

/* Begin PBXResourcesBuildPhase section */
		162AABB31BC58B33001AA0AB /* Resources */ = {
			isa = PBXResourcesBuildPhase;
			buildActionMask = 2147483647;
			files = (
				162AABD01BC58C7E001AA0AB /* frame2.png in Resources */,
				162AABD11BC58C7E001AA0AB /* frame3.png in Resources */,
				162AABD21BC58C7E001AA0AB /* frame4.png in Resources */,
				162AABC31BC58B33001AA0AB /* LaunchScreen.storyboard in Resources */,
				162AABCF1BC58C7E001AA0AB /* frame1.png in Resources */,
				162AABD31BC58C7E001AA0AB /* frame5.png in Resources */,
				162AABC01BC58B33001AA0AB /* Assets.xcassets in Resources */,
				162AABBE1BC58B33001AA0AB /* Main.storyboard in Resources */,
			);
			runOnlyForDeploymentPostprocessing = 0;
		};
/* End PBXResourcesBuildPhase section */

/* Begin PBXSourcesBuildPhase section */
		162AABB11BC58B33001AA0AB /* Sources */ = {
			isa = PBXSourcesBuildPhase;
			buildActionMask = 2147483647;
			files = (
				162AABBB1BC58B33001AA0AB /* ViewController.swift in Sources */,
				162AABB91BC58B33001AA0AB /* AppDelegate.swift in Sources */,
			);
			runOnlyForDeploymentPostprocessing = 0;
		};
/* End PBXSourcesBuildPhase section */

/* Begin PBXVariantGroup section */
		162AABBC1BC58B33001AA0AB /* Main.storyboard */ = {
			isa = PBXVariantGroup;
			children = (
				162AABBD1BC58B33001AA0AB /* Base */,
			);
			name = Main.storyboard;
			sourceTree = "<group>";
		};
		162AABC11BC58B33001AA0AB /* LaunchScreen.storyboard */ = {
			isa = PBXVariantGroup;
			children = (
				162AABC21BC58B33001AA0AB /* Base */,
			);
			name = LaunchScreen.storyboard;
			sourceTree = "<group>";
		};
/* End PBXVariantGroup section */

/* Begin XCBuildConfiguration section */
		162AABC51BC58B33001AA0AB /* Debug */ = {
			isa = XCBuildConfiguration;
			buildSettings = {
				ALWAYS_SEARCH_USER_PATHS = NO;
				CLANG_CXX_LANGUAGE_STANDARD = "gnu++0x";
				CLANG_CXX_LIBRARY = "libc++";
				CLANG_ENABLE_MODULES = YES;
				CLANG_ENABLE_OBJC_ARC = YES;
				CLANG_WARN_BOOL_CONVERSION = YES;
				CLANG_WARN_CONSTANT_CONVERSION = YES;
				CLANG_WARN_DIRECT_OBJC_ISA_USAGE = YES_ERROR;
				CLANG_WARN_EMPTY_BODY = YES;
				CLANG_WARN_ENUM_CONVERSION = YES;
				CLANG_WARN_INT_CONVERSION = YES;
				CLANG_WARN_OBJC_ROOT_CLASS = YES_ERROR;
				CLANG_WARN_UNREACHABLE_CODE = YES;
				CLANG_WARN__DUPLICATE_METHOD_MATCH = YES;
				"CODE_SIGN_IDENTITY[sdk=iphoneos*]" = "iPhone Developer";
				COPY_PHASE_STRIP = NO;
				DEBUG_INFORMATION_FORMAT = dwarf;
				ENABLE_STRICT_OBJC_MSGSEND = YES;
				ENABLE_TESTABILITY = YES;
				GCC_C_LANGUAGE_STANDARD = gnu99;
				GCC_DYNAMIC_NO_PIC = NO;
				GCC_NO_COMMON_BLOCKS = YES;
				GCC_OPTIMIZATION_LEVEL = 0;
				GCC_PREPROCESSOR_DEFINITIONS = (
					"DEBUG=1",
					"$(inherited)",
				);
				GCC_WARN_64_TO_32_BIT_CONVERSION = YES;
				GCC_WARN_ABOUT_RETURN_TYPE = YES_ERROR;
				GCC_WARN_UNDECLARED_SELECTOR = YES;
				GCC_WARN_UNINITIALIZED_AUTOS = YES_AGGRESSIVE;
				GCC_WARN_UNUSED_FUNCTION = YES;
				GCC_WARN_UNUSED_VARIABLE = YES;
				IPHONEOS_DEPLOYMENT_TARGET = 9.0;
				MTL_ENABLE_DEBUG_INFO = YES;
				ONLY_ACTIVE_ARCH = YES;
				SDKROOT = iphoneos;
				SWIFT_OPTIMIZATION_LEVEL = "-Onone";
			};
			name = Debug;
		};
		162AABC61BC58B33001AA0AB /* Release */ = {
			isa = XCBuildConfiguration;
			buildSettings = {
				ALWAYS_SEARCH_USER_PATHS = NO;
				CLANG_CXX_LANGUAGE_STANDARD = "gnu++0x";
				CLANG_CXX_LIBRARY = "libc++";
				CLANG_ENABLE_MODULES = YES;
				CLANG_ENABLE_OBJC_ARC = YES;
				CLANG_WARN_BOOL_CONVERSION = YES;
				CLANG_WARN_CONSTANT_CONVERSION = YES;
				CLANG_WARN_DIRECT_OBJC_ISA_USAGE = YES_ERROR;
				CLANG_WARN_EMPTY_BODY = YES;
				CLANG_WARN_ENUM_CONVERSION = YES;
				CLANG_WARN_INT_CONVERSION = YES;
				CLANG_WARN_OBJC_ROOT_CLASS = YES_ERROR;
				CLANG_WARN_UNREACHABLE_CODE = YES;
				CLANG_WARN__DUPLICATE_METHOD_MATCH = YES;
				"CODE_SIGN_IDENTITY[sdk=iphoneos*]" = "iPhone Developer";
				COPY_PHASE_STRIP = NO;
				DEBUG_INFORMATION_FORMAT = "dwarf-with-dsym";
				ENABLE_NS_ASSERTIONS = NO;
				ENABLE_STRICT_OBJC_MSGSEND = YES;
				GCC_C_LANGUAGE_STANDARD = gnu99;
				GCC_NO_COMMON_BLOCKS = YES;
				GCC_WARN_64_TO_32_BIT_CONVERSION = YES;
				GCC_WARN_ABOUT_RETURN_TYPE = YES_ERROR;
				GCC_WARN_UNDECLARED_SELECTOR = YES;
				GCC_WARN_UNINITIALIZED_AUTOS = YES_AGGRESSIVE;
				GCC_WARN_UNUSED_FUNCTION = YES;
				GCC_WARN_UNUSED_VARIABLE = YES;
				IPHONEOS_DEPLOYMENT_TARGET = 9.0;
				MTL_ENABLE_DEBUG_INFO = NO;
				SDKROOT = iphoneos;
				VALIDATE_PRODUCT = YES;
			};
			name = Release;
		};
		162AABC81BC58B33001AA0AB /* Debug */ = {
			isa = XCBuildConfiguration;
			buildSettings = {
				ASSETCATALOG_COMPILER_APPICON_NAME = AppIcon;
				INFOPLIST_FILE = Animations/Info.plist;
				LD_RUNPATH_SEARCH_PATHS = "$(inherited) @executable_path/Frameworks";
				PRODUCT_BUNDLE_IDENTIFIER = com.luizsantiago.Animations;
				PRODUCT_NAME = "$(TARGET_NAME)";
			};
			name = Debug;
		};
		162AABC91BC58B33001AA0AB /* Release */ = {
			isa = XCBuildConfiguration;
			buildSettings = {
				ASSETCATALOG_COMPILER_APPICON_NAME = AppIcon;
				INFOPLIST_FILE = Animations/Info.plist;
				LD_RUNPATH_SEARCH_PATHS = "$(inherited) @executable_path/Frameworks";
				PRODUCT_BUNDLE_IDENTIFIER = com.luizsantiago.Animations;
				PRODUCT_NAME = "$(TARGET_NAME)";
			};
			name = Release;
		};
/* End XCBuildConfiguration section */

/* Begin XCConfigurationList section */
		162AABB01BC58B33001AA0AB /* Build configuration list for PBXProject "Animations" */ = {
			isa = XCConfigurationList;
			buildConfigurations = (
				162AABC51BC58B33001AA0AB /* Debug */,
				162AABC61BC58B33001AA0AB /* Release */,
			);
			defaultConfigurationIsVisible = 0;
			defaultConfigurationName = Release;
		};
		162AABC71BC58B33001AA0AB /* Build configuration list for PBXNativeTarget "Animations" */ = {
			isa = XCConfigurationList;
			buildConfigurations = (
				162AABC81BC58B33001AA0AB /* Debug */,
				162AABC91BC58B33001AA0AB /* Release */,
			);
			defaultConfigurationIsVisible = 0;
		};
/* End XCConfigurationList section */
	};
	rootObject = 162AABAD1BC58B33001AA0AB /* Project object */;
}
